<?xml version="1.0" encoding="utf-8"?>
<Project ToolsVersion="4.0" xmlns="http://schemas.microsoft.com/developer/msbuild/2003">
  <ItemGroup>
    <Filter Include="ソース ファイル">
      <UniqueIdentifier>{4FC737F1-C7A5-4376-A066-2A32D752A2FF}</UniqueIdentifier>
      <Extensions>cpp;c;cc;cxx;c++;cppm;ixx;def;odl;idl;hpj;bat;asm;asmx</Extensions>
    </Filter>
    <Filter Include="ヘッダー ファイル">
      <UniqueIdentifier>{93995380-89BD-4b04-88EB-625FBE52EBFB}</UniqueIdentifier>
      <Extensions>h;hh;hpp;hxx;h++;hm;inl;inc;ipp;xsd</Extensions>
    </Filter>
    <Filter Include="リソース ファイル">
      <UniqueIdentifier>{67DA6AB6-F800-4c08-8B7A-83BB121AAD01}</UniqueIdentifier>
      <Extensions>rc;ico;cur;bmp;dlg;rc2;rct;bin;rgs;gif;jpg;jpeg;jpe;resx;tiff;tif;png;wav;mfcribbon-ms</Extensions>
    </Filter>
  </ItemGroup>
  <ItemGroup>
    <ClCompile Include="jpeg-6b\jcapimin.c">
      <Filter>ソース ファイル</Filter>
    </ClCompile>
    <ClCompile Include="jpeg-6b\jcapistd.c">
      <Filter>ソース ファイル</Filter>
    </ClCompile>
    <ClCompile Include="jpeg-6b\jccoefct.c">
      <Filter>ソース ファイル</Filter>
    </ClCompile>
    <ClCompile Include="jpeg-6b\jccolor.c">
      <Filter>ソース ファイル</Filter>
    </ClCompile>
    <ClCompile Include="jpeg-6b\jcdctmgr.c">
      <Filter>ソース ファイル</Filter>
    </ClCompile>
    <ClCompile Include="jpeg-6b\jchuff.c">
      <Filter>ソース ファイル</Filter>
    </ClCompile>
    <ClCompile Include="jpeg-6b\jcinit.c">
      <Filter>ソース ファイル</Filter>
    </ClCompile>
    <ClCompile Include="jpeg-6b\jcmainct.c">
      <Filter>ソース ファイル</Filter>
    </ClCompile>
    <ClCompile Include="jpeg-6b\jcmarker.c">
      <Filter>ソース ファイル</Filter>
    </ClCompile>
    <ClCompile Include="jpeg-6b\jcmaster.c">
      <Filter>ソース ファイル</Filter>
    </ClCompile>
    <ClCompile Include="jpeg-6b\jcomapi.c">
      <Filter>ソース ファイル</Filter>
    </ClCompile>
    <ClCompile Include="jpeg-6b\jcparam.c">
      <Filter>ソース ファイル</Filter>
    </ClCompile>
    <ClCompile Include="jpeg-6b\jcphuff.c">
      <Filter>ソース ファイル</Filter>
    </ClCompile>
    <ClCompile Include="jpeg-6b\jcprepct.c">
      <Filter>ソース ファイル</Filter>
    </ClCompile>
    <ClCompile Include="jpeg-6b\jcsample.c">
      <Filter>ソース ファイル</Filter>
    </ClCompile>
    <ClCompile Include="jpeg-6b\jctrans.c">
      <Filter>ソース ファイル</Filter>
    </ClCompile>
    <ClCompile Include="jpeg-6b\jdapimin.c">
      <Filter>ソース ファイル</Filter>
    </ClCompile>
    <ClCompile Include="jpeg-6b\jdapistd.c">
      <Filter>ソース ファイル</Filter>
    </ClCompile>
    <ClCompile Include="jpeg-6b\jdatadst.c">
      <Filter>ソース ファイル</Filter>
    </ClCompile>
    <ClCompile Include="jpeg-6b\jdatasrc.c">
      <Filter>ソース ファイル</Filter>
    </ClCompile>
    <ClCompile Include="jpeg-6b\jdcoefct.c">
      <Filter>ソース ファイル</Filter>
    </ClCompile>
    <ClCompile Include="jpeg-6b\jdcolor.c">
      <Filter>ソース ファイル</Filter>
    </ClCompile>
    <ClCompile Include="jpeg-6b\jddctmgr.c">
      <Filter>ソース ファイル</Filter>
    </ClCompile>
    <ClCompile Include="jpeg-6b\jdhuff.c">
      <Filter>ソース ファイル</Filter>
    </ClCompile>
    <ClCompile Include="jpeg-6b\jdinput.c">
      <Filter>ソース ファイル</Filter>
    </ClCompile>
    <ClCompile Include="jpeg-6b\jdmainct.c">
      <Filter>ソース ファイル</Filter>
    </ClCompile>
    <ClCompile Include="jpeg-6b\jdmarker.c">
      <Filter>ソース ファイル</Filter>
    </ClCompile>
    <ClCompile Include="jpeg-6b\jdmaster.c">
      <Filter>ソース ファイル</Filter>
    </ClCompile>
    <ClCompile Include="jpeg-6b\jdmerge.c">
      <Filter>ソース ファイル</Filter>
    </ClCompile>
    <ClCompile Include="jpeg-6b\jdphuff.c">
      <Filter>ソース ファイル</Filter>
    </ClCompile>
    <ClCompile Include="jpeg-6b\jdpostct.c">
      <Filter>ソース ファイル</Filter>
    </ClCompile>
    <ClCompile Include="jpeg-6b\jdsample.c">
      <Filter>ソース ファイル</Filter>
    </ClCompile>
    <ClCompile Include="jpeg-6b\jdtrans.c">
      <Filter>ソース ファイル</Filter>
    </ClCompile>
    <ClCompile Include="jpeg-6b\jerror.c">
      <Filter>ソース ファイル</Filter>
    </ClCompile>
    <ClCompile Include="jpeg-6b\jfdctflt.c">
      <Filter>ソース ファイル</Filter>
    </ClCompile>
    <ClCompile Include="jpeg-6b\jfdctfst.c">
      <Filter>ソース ファイル</Filter>
    </ClCompile>
    <ClCompile Include="jpeg-6b\jfdctint.c">
      <Filter>ソース ファイル</Filter>
    </ClCompile>
    <ClCompile Include="jpeg-6b\jidctflt.c">
      <Filter>ソース ファイル</Filter>
    </ClCompile>
    <ClCompile Include="jpeg-6b\jidctfst.c">
      <Filter>ソース ファイル</Filter>
    </ClCompile>
    <ClCompile Include="jpeg-6b\jidctint.c">
      <Filter>ソース ファイル</Filter>
    </ClCompile>
    <ClCompile Include="jpeg-6b\jidctred.c">
      <Filter>ソース ファイル</Filter>
    </ClCompile>
    <ClCompile Include="jpeg-6b\jmemansi.c">
      <Filter>ソース ファイル</Filter>
    </ClCompile>
    <ClCompile Include="jpeg-6b\jpegtran.c">
      <Filter>ソース ファイル</Filter>
    </ClCompile>
    <ClCompile Include="jpeg-6b\jquant1.c">
      <Filter>ソース ファイル</Filter>
    </ClCompile>
    <ClCompile Include="jpeg-6b\jquant2.c">
      <Filter>ソース ファイル</Filter>
    </ClCompile>
    <ClCompile Include="jpeg-6b\jutils.c">
      <Filter>ソース ファイル</Filter>
    </ClCompile>
    <ClCompile Include="jpeg-6b\rdbmp.c">
      <Filter>ソース ファイル</Filter>
    </ClCompile>
    <ClCompile Include="jpeg-6b\rdcolmap.c">
      <Filter>ソース ファイル</Filter>
    </ClCompile>
    <ClCompile Include="jpeg-6b\rdgif.c">
      <Filter>ソース ファイル</Filter>
    </ClCompile>
    <ClCompile Include="jpeg-6b\rdppm.c">
      <Filter>ソース ファイル</Filter>
    </ClCompile>
    <ClCompile Include="jpeg-6b\rdrle.c">
      <Filter>ソース ファイル</Filter>
    </ClCompile>
    <ClCompile Include="jpeg-6b\rdswitch.c">
      <Filter>ソース ファイル</Filter>
    </ClCompile>
    <ClCompile Include="jpeg-6b\rdtarga.c">
      <Filter>ソース ファイル</Filter>
    </ClCompile>
    <ClCompile Include="jpeg-6b\transupp.c">
      <Filter>ソース ファイル</Filter>
    </ClCompile>
    <ClCompile Include="jpeg-6b\wrbmp.c">
      <Filter>ソース ファイル</Filter>
    </ClCompile>
    <ClCompile Include="jpeg-6b\wrgif.c">
      <Filter>ソース ファイル</Filter>
    </ClCompile>
    <ClCompile Include="jpeg-6b\wrppm.c">
      <Filter>ソース ファイル</Filter>
    </ClCompile>
    <ClCompile Include="jpeg-6b\wrrle.c">
      <Filter>ソース ファイル</Filter>
    </ClCompile>
    <ClCompile Include="jpeg-6b\wrtarga.c">
      <Filter>ソース ファイル</Filter>
    </ClCompile>
    <ClCompile Include="jpeg-6b\jmemmgr.c">
      <Filter>ソース ファイル</Filter>
    </ClCompile>
  </ItemGroup>
  <ItemGroup>
    <ClInclude Include="jpeg-6b\cderror.h">
      <Filter>ヘッダー ファイル</Filter>
    </ClInclude>
    <ClInclude Include="jpeg-6b\cdjpeg.h">
      <Filter>ヘッダー ファイル</Filter>
    </ClInclude>
    <ClInclude Include="jpeg-6b\jchuff.h">
      <Filter>ヘッダー ファイル</Filter>
    </ClInclude>
    <ClInclude Include="jpeg-6b\jdct.h">
      <Filter>ヘッダー ファイル</Filter>
    </ClInclude>
    <ClInclude Include="jpeg-6b\jdhuff.h">
      <Filter>ヘッダー ファイル</Filter>
    </ClInclude>
    <ClInclude Include="jpeg-6b\jerror.h">
      <Filter>ヘッダー ファイル</Filter>
    </ClInclude>
    <ClInclude Include="jpeg-6b\jinclude.h">
      <Filter>ヘッダー ファイル</Filter>
    </ClInclude>
    <ClInclude Include="jpeg-6b\jmemsys.h">
      <Filter>ヘッダー ファイル</Filter>
    </ClInclude>
    <ClInclude Include="jpeg-6b\jmorecfg.h">
      <Filter>ヘッダー ファイル</Filter>
    </ClInclude>
    <ClInclude Include="jpeg-6b\jpegint.h">
      <Filter>ヘッダー ファイル</Filter>
    </ClInclude>
    <ClInclude Include="jpeg-6b\jpeglib.h">
      <Filter>ヘッダー ファイル</Filter>
    </ClInclude>
    <ClInclude Include="jpeg-6b\jversion.h">
      <Filter>ヘッダー ファイル</Filter>
    </ClInclude>
    <ClInclude Include="jpeg-6b\transupp.h">
      <Filter>ヘッダー ファイル</Filter>
    </ClInclude>
  </ItemGroup>
</Project>